
Microsoft Visual Studio Solution File, Format Version 12.00
# Visual Studio Version 17
VisualStudioVersion = 17.5.33530.505
MinimumVisualStudioVersion = 10.0.40219.1
Project("{9A19103F-16F7-4668-BE54-9A1E7A4F7556}") = "server", "server.csproj", "{4837A2CC-B298-4CB3-96B9-7523E275CE81}"
EndProject
Global
	GlobalSection(SolutionConfigurationPlatforms) = preSolution
		Debug|Any CPU = Debug|Any CPU
		Release|Any CPU = Release|Any CPU
	EndGlobalSection
	GlobalSection(ProjectConfigurationPlatforms) = postSolution
		{4837A2CC-B298-4CB3-96B9-7523E275CE81}.Debug|Any CPU.ActiveCfg = Debug|Any CPU
		{4837A2CC-B298-4CB3-96B9-7523E275CE81}.Debug|Any CPU.Build.0 = Debug|Any CPU
		{4837A2CC-B298-4CB3-96B9-7523E275CE81}.Release|Any CPU.ActiveCfg = Release|Any CPU
		{4837A2CC-B298-4CB3-96B9-7523E275CE81}.Release|Any CPU.Build.0 = Release|Any CPU
	EndGlobalSection
	GlobalSection(SolutionProperties) = preSolution
		HideSolutionNode = FALSE
	EndGlobalSection
	GlobalSection(ExtensibilityGlobals) = postSolution
		SolutionGuid = {1A9D8534-EB35-4B75-9988-39697CFAAC2D}
	EndGlobalSection
EndGlobal
